# THIS IS AN AUTOGENERATED FILE. DO NOT EDIT THIS FILE DIRECTLY.
# yarn lockfile v1


"@fortawesome/fontawesome-common-types@^0.2.29":
  version "0.2.29"
  resolved "https://registry.yarnpkg.com/@fortawesome/fontawesome-common-types/-/fontawesome-common-types-0.2.29.tgz#e1a456b643237462d390304cab6975ff3fd68397"
  integrity sha512-cY+QfDTbZ7XVxzx7jxbC98Oxr/zc7R2QpTLqTxqlfyXDrAJjzi/xUIqAUsygELB62JIrbsWxtSRhayKFkGI7MA==

"@fortawesome/fontawesome-svg-core@^1.2.29":
  version "1.2.29"
  resolved "https://registry.yarnpkg.com/@fortawesome/fontawesome-svg-core/-/fontawesome-svg-core-1.2.29.tgz#34ef32824664534f9e4ef37982ebf286b899a189"
  integrity sha512-xmPmP2t8qrdo8RyKihTkGb09RnZoc+7HFBCnr0/6ZhStdGDSLeEd7ajV181+2W29NWIFfylO13rU+s3fpy3cnA==
  dependencies:
    "@fortawesome/fontawesome-common-types" "^0.2.29"

"@fortawesome/free-solid-svg-icons@^5.13.1":
  version "5.13.1"
  resolved "https://registry.yarnpkg.com/@fortawesome/free-solid-svg-icons/-/free-solid-svg-icons-5.13.1.tgz#010a846b718a0f110b3cd137d072639b4e8bd41a"
  integrity sha512-LQH/0L1p4+rqtoSHa9qFYR84hpuRZKqaQ41cfBQx8b68p21zoWSekTAeA54I/2x9VlCHDLFlG74Nmdg4iTPQOg==
  dependencies:
    "@fortawesome/fontawesome-common-types" "^0.2.29"

"@fortawesome/vue-fontawesome@^0.1.10":
  version "0.1.10"
  resolved "https://registry.yarnpkg.com/@fortawesome/vue-fontawesome/-/vue-fontawesome-0.1.10.tgz#eeeec1e4e8850bed0468f938292b06cda793bf34"
  integrity sha512-b2+SLF31h32LSepVcXe+BQ63yvbq5qmTCy4KfFogCYm2bn68H5sDWUnX+U7MBqnM2aeEk9M7xSoqGnu+wSdY6w==
